
Microsoft Visual Studio Solution File, Format Version 12.00
# Visual Studio Version 17
VisualStudioVersion = 17.13.35931.197 d17.13
MinimumVisualStudioVersion = 10.0.40219.1
Project("{FAE04EC0-301F-11D3-BF4B-00C04F79EFBC}") = "NhdLesson07", "NhdLesson07\NhdLesson07.csproj", "{9C1E34CD-16E7-4D17-89C8-F85BD3F66368}"
EndProject
Global
	GlobalSection(SolutionConfigurationPlatforms) = preSolution
		Debug|Any CPU = Debug|Any CPU
		Release|Any CPU = Release|Any CPU
	EndGlobalSection
	GlobalSection(ProjectConfigurationPlatforms) = postSolution
		{9C1E34CD-16E7-4D17-89C8-F85BD3F66368}.Debug|Any CPU.ActiveCfg = Debug|Any CPU
		{9C1E34CD-16E7-4D17-89C8-F85BD3F66368}.Debug|Any CPU.Build.0 = Debug|Any CPU
		{9C1E34CD-16E7-4D17-89C8-F85BD3F66368}.Release|Any CPU.ActiveCfg = Release|Any CPU
		{9C1E34CD-16E7-4D17-89C8-F85BD3F66368}.Release|Any CPU.Build.0 = Release|Any CPU
	EndGlobalSection
	GlobalSection(SolutionProperties) = preSolution
		HideSolutionNode = FALSE
	EndGlobalSection
	GlobalSection(ExtensibilityGlobals) = postSolution
		SolutionGuid = {88E94DDC-024C-4D23-AE29-D83B62D9B048}
	EndGlobalSection
EndGlobal
